PODS:
  - Alamofire (5.0.2)
  - DNSPageView (1.2.1)
  - ESTabBarController-swift (2.8.0)
  - FSPagerView (0.8.3)
  - HandyJSON (5.0.2-beta)
  - JXMarqueeView (0.0.8)
  - Kingfisher (5.13.2):
    - Kingfisher/Core (= 5.13.2)
  - Kingfisher/Core (5.13.2)
  - LTScrollView (0.2.1)
  - MJRefresh (3.3.1)
  - Moya (14.0.0):
    - Moya/Core (= 14.0.0)
  - Moya/Core (14.0.0):
    - Alamofire (~> 5.0)
  - SnapKit (5.0.1)
  - StreamingKit (0.1.30)
  - SVProgressHUD (2.2.5)
  - SwiftMessages (7.0.1):
    - SwiftMessages/App (= 7.0.1)
  - SwiftMessages/App (7.0.1)
  - SwiftyJSON (5.0.0)

DEPENDENCIES:
  - DNSPageView
  - ESTabBarController-swift
  - FSPagerView
  - HandyJSON (~> 5.0.2-beta)
  - JXMarqueeView
  - Kingfisher
  - LTScrollView
  - MJRefresh
  - Moya
  - SnapKit
  - StreamingKit
  - SVProgressHUD
  - SwiftMessages
  - SwiftyJSON

SPEC REPOS:
  trunk:
    - Alamofire
    - DNSPageView
    - ESTabBarController-swift
    - FSPagerView
    - HandyJSON
    - JXMarqueeView
    - Kingfisher
    - LTScrollView
    - MJRefresh
    - Moya
    - SnapKit
    - StreamingKit
    - SVProgressHUD
    - SwiftMessages
    - SwiftyJSON

SPEC CHECKSUMS:
  Alamofire: 3ba7a4db18b4f62c4a1c0e1cb39d7f3d52e10ada
  DNSPageView: 1a1972df33a08dbad8e43188da97b31997e1d109
  ESTabBarController-swift: 05593a6ad64700b03c0eb60ff625916370aa4136
  FSPagerView: 670405b2f18e2a87fa37f20b00de783e562c25a8
  HandyJSON: e18b035d60cb4847c609a59bb831c5db8c549663
  JXMarqueeView: dfb4eadb1bf7245c9b41706e907c889fbf53c2dc
  Kingfisher: d342c8354c10c3d85a27d6d4c42c41285924b898
  LTScrollView: 93fff4aed9f9545f541a99b320b27808f5307c12
  MJRefresh: eeda70fbf0ad277f3178cef1cd0c3532591d6237
  Moya: 5b45dacb75adb009f97fde91c204c1e565d31916
  SnapKit: 97b92857e3df3a0c71833cce143274bf6ef8e5eb
  StreamingKit: 70ca8608c206864b4d54a577eacb3c8bf7c72209
  SVProgressHUD: 1428aafac632c1f86f62aa4243ec12008d7a51d6
  SwiftMessages: b577dc7043be8b299857ab35bb663dbff6483bd0
  SwiftyJSON: 36413e04c44ee145039d332b4f4e2d3e8d6c4db7

PODFILE CHECKSUM: 6268f7c2e0e38430b0dbb8658d7d01490744009a

COCOAPODS: 1.9.0
