// !$*UTF8*$!
{
	archiveVersion = 1;
	classes = {
	};
	objectVersion = 51;
	objects = {

/* Begin PBXBuildFile section */
		50E93D43F203880C961C8065 /* Pods_Himalayan_HimalayanUITests.framework in Frameworks */ = {isa = PBXBuildFile; fileRef = 7FD92595CFED52ECDC28293F /* Pods_Himalayan_HimalayanUITests.framework */; };
		7A70CB132415EF3E003488EA /* AppDelegate.swift in Sources */ = {isa = PBXBuildFile; fileRef = 7A70CB122415EF3E003488EA /* AppDelegate.swift */; };
		7A70CB152415EF3E003488EA /* SceneDelegate.swift in Sources */ = {isa = PBXBuildFile; fileRef = 7A70CB142415EF3E003488EA /* SceneDelegate.swift */; };
		7A70CB172415EF3E003488EA /* ViewController.swift in Sources */ = {isa = PBXBuildFile; fileRef = 7A70CB162415EF3E003488EA /* ViewController.swift */; };
		7A70CB1A2415EF3E003488EA /* Main.storyboard in Resources */ = {isa = PBXBuildFile; fileRef = 7A70CB182415EF3E003488EA /* Main.storyboard */; };
		7A70CB1D2415EF3E003488EA /* Himalayan.xcdatamodeld in Sources */ = {isa = PBXBuildFile; fileRef = 7A70CB1B2415EF3E003488EA /* Himalayan.xcdatamodeld */; };
		7A70CB1F2415EF44003488EA /* Assets.xcassets in Resources */ = {isa = PBXBuildFile; fileRef = 7A70CB1E2415EF44003488EA /* Assets.xcassets */; };
		7A70CB222415EF44003488EA /* LaunchScreen.storyboard in Resources */ = {isa = PBXBuildFile; fileRef = 7A70CB202415EF44003488EA /* LaunchScreen.storyboard */; };
		7A70CB2D2415EF44003488EA /* HimalayanTests.swift in Sources */ = {isa = PBXBuildFile; fileRef = 7A70CB2C2415EF44003488EA /* HimalayanTests.swift */; };
		7A70CB382415EF44003488EA /* HimalayanUITests.swift in Sources */ = {isa = PBXBuildFile; fileRef = 7A70CB372415EF44003488EA /* HimalayanUITests.swift */; };
		7A73F73A2417952000D7A1CD /* UINavigationBar+YHIndicatorImage.m in Sources */ = {isa = PBXBuildFile; fileRef = 7A73F7242417951F00D7A1CD /* UINavigationBar+YHIndicatorImage.m */; };
		7A73F73B2417952000D7A1CD /* UINavigationController+YHBackTitle.m in Sources */ = {isa = PBXBuildFile; fileRef = 7A73F7272417951F00D7A1CD /* UINavigationController+YHBackTitle.m */; };
		7A73F73C2417952000D7A1CD /* UIImage+GIF.swift in Sources */ = {isa = PBXBuildFile; fileRef = 7A73F7292417952000D7A1CD /* UIImage+GIF.swift */; };
		7A73F73D2417952000D7A1CD /* lead01.png in Resources */ = {isa = PBXBuildFile; fileRef = 7A73F72A2417952000D7A1CD /* lead01.png */; };
		7A73F73E2417952000D7A1CD /* guide_btn_bg@2x.png in Resources */ = {isa = PBXBuildFile; fileRef = 7A73F72B2417952000D7A1CD /* guide_btn_bg@2x.png */; };
		7A73F73F2417952000D7A1CD /* lead02.png in Resources */ = {isa = PBXBuildFile; fileRef = 7A73F72C2417952000D7A1CD /* lead02.png */; };
		7A73F7402417952000D7A1CD /* lead03.png in Resources */ = {isa = PBXBuildFile; fileRef = 7A73F72D2417952000D7A1CD /* lead03.png */; };
		7A73F7412417952000D7A1CD /* HHGuidePageHUD.swift in Sources */ = {isa = PBXBuildFile; fileRef = 7A73F72E2417952000D7A1CD /* HHGuidePageHUD.swift */; };
		7A73F7422417952000D7A1CD /* YYCustomLabel.swift in Sources */ = {isa = PBXBuildFile; fileRef = 7A73F7302417952000D7A1CD /* YYCustomLabel.swift */; };
		7A73F7432417952000D7A1CD /* JCyclePictureView.swift in Sources */ = {isa = PBXBuildFile; fileRef = 7A73F7322417952000D7A1CD /* JCyclePictureView.swift */; };
		7A73F7442417952000D7A1CD /* WRNavigationBar.swift in Sources */ = {isa = PBXBuildFile; fileRef = 7A73F7342417952000D7A1CD /* WRNavigationBar.swift */; };
		7A73F7452417952000D7A1CD /* WRCustomNavigationBar.swift in Sources */ = {isa = PBXBuildFile; fileRef = 7A73F7352417952000D7A1CD /* WRCustomNavigationBar.swift */; };
		7A73F7462417952000D7A1CD /* WRProxy.swift in Sources */ = {isa = PBXBuildFile; fileRef = 7A73F7372417952000D7A1CD /* WRProxy.swift */; };
		7A73F7472417952000D7A1CD /* WRCycleScrollView.swift in Sources */ = {isa = PBXBuildFile; fileRef = 7A73F7382417952000D7A1CD /* WRCycleScrollView.swift */; };
		7A73F7482417952000D7A1CD /* WRCycleCell.swift in Sources */ = {isa = PBXBuildFile; fileRef = 7A73F7392417952000D7A1CD /* WRCycleCell.swift */; };
		7A83DC35241F85BE00084637 /* HYPlayViewController.swift in Sources */ = {isa = PBXBuildFile; fileRef = 7A83DC34241F85BE00084637 /* HYPlayViewController.swift */; };
		7A83DC37241F85D300084637 /* HYFindViewController.swift in Sources */ = {isa = PBXBuildFile; fileRef = 7A83DC36241F85D300084637 /* HYFindViewController.swift */; };
		7A83DC39241F85E200084637 /* HYMineViewController.swift in Sources */ = {isa = PBXBuildFile; fileRef = 7A83DC38241F85E200084637 /* HYMineViewController.swift */; };
		7A83DC3B241F85ED00084637 /* HYListenViewController.swift in Sources */ = {isa = PBXBuildFile; fileRef = 7A83DC3A241F85ED00084637 /* HYListenViewController.swift */; };
		7A83DC3D241F85FE00084637 /* HYHomeViewController.swift in Sources */ = {isa = PBXBuildFile; fileRef = 7A83DC3C241F85FE00084637 /* HYHomeViewController.swift */; };
		7A83DC3F241F875500084637 /* HYNavigationController.swift in Sources */ = {isa = PBXBuildFile; fileRef = 7A83DC3E241F875500084637 /* HYNavigationController.swift */; };
		7A83DC42241F879300084637 /* HYBasicContentView.swift in Sources */ = {isa = PBXBuildFile; fileRef = 7A83DC41241F879300084637 /* HYBasicContentView.swift */; };
		7A83DC44241F87C400084637 /* HYBouncesContentView.swift in Sources */ = {isa = PBXBuildFile; fileRef = 7A83DC43241F87C400084637 /* HYBouncesContentView.swift */; };
		7A83DC46241F87E500084637 /* HYIrregularityBasicContentView.swift in Sources */ = {isa = PBXBuildFile; fileRef = 7A83DC45241F87E500084637 /* HYIrregularityBasicContentView.swift */; };
		B053E43BD46A8F6A040F4A65 /* Pods_Himalayan.framework in Frameworks */ = {isa = PBXBuildFile; fileRef = 53A43B207CC4805B244B613E /* Pods_Himalayan.framework */; };
		C14FDF0084AE56CE355437FF /* Pods_HimalayanTests.framework in Frameworks */ = {isa = PBXBuildFile; fileRef = 0412DA728122C505085AD21C /* Pods_HimalayanTests.framework */; };
/* End PBXBuildFile section */

/* Begin PBXContainerItemProxy section */
		7A70CB292415EF44003488EA /* PBXContainerItemProxy */ = {
			isa = PBXContainerItemProxy;
			containerPortal = 7A70CB072415EF3E003488EA /* Project object */;
			proxyType = 1;
			remoteGlobalIDString = 7A70CB0E2415EF3E003488EA;
			remoteInfo = Himalayan;
		};
		7A70CB342415EF44003488EA /* PBXContainerItemProxy */ = {
			isa = PBXContainerItemProxy;
			containerPortal = 7A70CB072415EF3E003488EA /* Project object */;
			proxyType = 1;
			remoteGlobalIDString = 7A70CB0E2415EF3E003488EA;
			remoteInfo = Himalayan;
		};
/* End PBXContainerItemProxy section */

/* Begin PBXFileReference section */
		0412DA728122C505085AD21C /* Pods_HimalayanTests.framework */ = {isa = PBXFileReference; explicitFileType = wrapper.framework; includeInIndex = 0; path = Pods_HimalayanTests.framework; sourceTree = BUILT_PRODUCTS_DIR; };
		26F62995FD721231CD20BB65 /* Pods-Himalayan.debug.xcconfig */ = {isa = PBXFileReference; includeInIndex = 1; lastKnownFileType = text.xcconfig; name = "Pods-Himalayan.debug.xcconfig"; path = "Target Support Files/Pods-Himalayan/Pods-Himalayan.debug.xcconfig"; sourceTree = "<group>"; };
		53A43B207CC4805B244B613E /* Pods_Himalayan.framework */ = {isa = PBXFileReference; explicitFileType = wrapper.framework; includeInIndex = 0; path = Pods_Himalayan.framework; sourceTree = BUILT_PRODUCTS_DIR; };
		7A70CB0F2415EF3E003488EA /* Himalayan.app */ = {isa = PBXFileReference; explicitFileType = wrapper.application; includeInIndex = 0; path = Himalayan.app; sourceTree = BUILT_PRODUCTS_DIR; };
		7A70CB122415EF3E003488EA /* AppDelegate.swift */ = {isa = PBXFileReference; lastKnownFileType = sourcecode.swift; path = AppDelegate.swift; sourceTree = "<group>"; };
		7A70CB142415EF3E003488EA /* SceneDelegate.swift */ = {isa = PBXFileReference; lastKnownFileType = sourcecode.swift; path = SceneDelegate.swift; sourceTree = "<group>"; };
		7A70CB162415EF3E003488EA /* ViewController.swift */ = {isa = PBXFileReference; lastKnownFileType = sourcecode.swift; path = ViewController.swift; sourceTree = "<group>"; };
		7A70CB192415EF3E003488EA /* Base */ = {isa = PBXFileReference; lastKnownFileType = file.storyboard; name = Base; path = Base.lproj/Main.storyboard; sourceTree = "<group>"; };
		7A70CB1C2415EF3E003488EA /* Himalayan.xcdatamodel */ = {isa = PBXFileReference; lastKnownFileType = wrapper.xcdatamodel; path = Himalayan.xcdatamodel; sourceTree = "<group>"; };
		7A70CB1E2415EF44003488EA /* Assets.xcassets */ = {isa = PBXFileReference; lastKnownFileType = folder.assetcatalog; path = Assets.xcassets; sourceTree = "<group>"; };
		7A70CB212415EF44003488EA /* Base */ = {isa = PBXFileReference; lastKnownFileType = file.storyboard; name = Base; path = Base.lproj/LaunchScreen.storyboard; sourceTree = "<group>"; };
		7A70CB232415EF44003488EA /* Info.plist */ = {isa = PBXFileReference; lastKnownFileType = text.plist.xml; path = Info.plist; sourceTree = "<group>"; };
		7A70CB282415EF44003488EA /* HimalayanTests.xctest */ = {isa = PBXFileReference; explicitFileType = wrapper.cfbundle; includeInIndex = 0; path = HimalayanTests.xctest; sourceTree = BUILT_PRODUCTS_DIR; };
		7A70CB2C2415EF44003488EA /* HimalayanTests.swift */ = {isa = PBXFileReference; lastKnownFileType = sourcecode.swift; path = HimalayanTests.swift; sourceTree = "<group>"; };
		7A70CB2E2415EF44003488EA /* Info.plist */ = {isa = PBXFileReference; lastKnownFileType = text.plist.xml; path = Info.plist; sourceTree = "<group>"; };
		7A70CB332415EF44003488EA /* HimalayanUITests.xctest */ = {isa = PBXFileReference; explicitFileType = wrapper.cfbundle; includeInIndex = 0; path = HimalayanUITests.xctest; sourceTree = BUILT_PRODUCTS_DIR; };
		7A70CB372415EF44003488EA /* HimalayanUITests.swift */ = {isa = PBXFileReference; lastKnownFileType = sourcecode.swift; path = HimalayanUITests.swift; sourceTree = "<group>"; };
		7A70CB392415EF44003488EA /* Info.plist */ = {isa = PBXFileReference; lastKnownFileType = text.plist.xml; path = Info.plist; sourceTree = "<group>"; };
		7A73F7242417951F00D7A1CD /* UINavigationBar+YHIndicatorImage.m */ = {isa = PBXFileReference; fileEncoding = 4; lastKnownFileType = sourcecode.c.objc; path = "UINavigationBar+YHIndicatorImage.m"; sourceTree = "<group>"; };
		7A73F7252417951F00D7A1CD /* UINavigationController+YHBackTitle.h */ = {isa = PBXFileReference; fileEncoding = 4; lastKnownFileType = sourcecode.c.h; path = "UINavigationController+YHBackTitle.h"; sourceTree = "<group>"; };
		7A73F7262417951F00D7A1CD /* UINavigationBar+YHIndicatorImage.h */ = {isa = PBXFileReference; fileEncoding = 4; lastKnownFileType = sourcecode.c.h; path = "UINavigationBar+YHIndicatorImage.h"; sourceTree = "<group>"; };
		7A73F7272417951F00D7A1CD /* UINavigationController+YHBackTitle.m */ = {isa = PBXFileReference; fileEncoding = 4; lastKnownFileType = sourcecode.c.objc; path = "UINavigationController+YHBackTitle.m"; sourceTree = "<group>"; };
		7A73F7292417952000D7A1CD /* UIImage+GIF.swift */ = {isa = PBXFileReference; fileEncoding = 4; lastKnownFileType = sourcecode.swift; path = "UIImage+GIF.swift"; sourceTree = "<group>"; };
		7A73F72A2417952000D7A1CD /* lead01.png */ = {isa = PBXFileReference; lastKnownFileType = image.png; path = lead01.png; sourceTree = "<group>"; };
		7A73F72B2417952000D7A1CD /* guide_btn_bg@2x.png */ = {isa = PBXFileReference; lastKnownFileType = image.png; path = "guide_btn_bg@2x.png"; sourceTree = "<group>"; };
		7A73F72C2417952000D7A1CD /* lead02.png */ = {isa = PBXFileReference; lastKnownFileType = image.png; path = lead02.png; sourceTree = "<group>"; };
		7A73F72D2417952000D7A1CD /* lead03.png */ = {isa = PBXFileReference; lastKnownFileType = image.png; path = lead03.png; sourceTree = "<group>"; };
		7A73F72E2417952000D7A1CD /* HHGuidePageHUD.swift */ = {isa = PBXFileReference; fileEncoding = 4; lastKnownFileType = sourcecode.swift; path = HHGuidePageHUD.swift; sourceTree = "<group>"; };
		7A73F7302417952000D7A1CD /* YYCustomLabel.swift */ = {isa = PBXFileReference; fileEncoding = 4; lastKnownFileType = sourcecode.swift; path = YYCustomLabel.swift; sourceTree = "<group>"; };
		7A73F7322417952000D7A1CD /* JCyclePictureView.swift */ = {isa = PBXFileReference; fileEncoding = 4; lastKnownFileType = sourcecode.swift; path = JCyclePictureView.swift; sourceTree = "<group>"; };
		7A73F7342417952000D7A1CD /* WRNavigationBar.swift */ = {isa = PBXFileReference; fileEncoding = 4; lastKnownFileType = sourcecode.swift; path = WRNavigationBar.swift; sourceTree = "<group>"; };
		7A73F7352417952000D7A1CD /* WRCustomNavigationBar.swift */ = {isa = PBXFileReference; fileEncoding = 4; lastKnownFileType = sourcecode.swift; path = WRCustomNavigationBar.swift; sourceTree = "<group>"; };
		7A73F7372417952000D7A1CD /* WRProxy.swift */ = {isa = PBXFileReference; fileEncoding = 4; lastKnownFileType = sourcecode.swift; path = WRProxy.swift; sourceTree = "<group>"; };
		7A73F7382417952000D7A1CD /* WRCycleScrollView.swift */ = {isa = PBXFileReference; fileEncoding = 4; lastKnownFileType = sourcecode.swift; path = WRCycleScrollView.swift; sourceTree = "<group>"; };
		7A73F7392417952000D7A1CD /* WRCycleCell.swift */ = {isa = PBXFileReference; fileEncoding = 4; lastKnownFileType = sourcecode.swift; path = WRCycleCell.swift; sourceTree = "<group>"; };
		7A83DC34241F85BE00084637 /* HYPlayViewController.swift */ = {isa = PBXFileReference; lastKnownFileType = sourcecode.swift; path = HYPlayViewController.swift; sourceTree = "<group>"; };
		7A83DC36241F85D300084637 /* HYFindViewController.swift */ = {isa = PBXFileReference; lastKnownFileType = sourcecode.swift; path = HYFindViewController.swift; sourceTree = "<group>"; };
		7A83DC38241F85E200084637 /* HYMineViewController.swift */ = {isa = PBXFileReference; lastKnownFileType = sourcecode.swift; path = HYMineViewController.swift; sourceTree = "<group>"; };
		7A83DC3A241F85ED00084637 /* HYListenViewController.swift */ = {isa = PBXFileReference; lastKnownFileType = sourcecode.swift; path = HYListenViewController.swift; sourceTree = "<group>"; };
		7A83DC3C241F85FE00084637 /* HYHomeViewController.swift */ = {isa = PBXFileReference; lastKnownFileType = sourcecode.swift; path = HYHomeViewController.swift; sourceTree = "<group>"; };
		7A83DC3E241F875500084637 /* HYNavigationController.swift */ = {isa = PBXFileReference; lastKnownFileType = sourcecode.swift; path = HYNavigationController.swift; sourceTree = "<group>"; };
		7A83DC41241F879300084637 /* HYBasicContentView.swift */ = {isa = PBXFileReference; lastKnownFileType = sourcecode.swift; path = HYBasicContentView.swift; sourceTree = "<group>"; };
		7A83DC43241F87C400084637 /* HYBouncesContentView.swift */ = {isa = PBXFileReference; lastKnownFileType = sourcecode.swift; path = HYBouncesContentView.swift; sourceTree = "<group>"; };
		7A83DC45241F87E500084637 /* HYIrregularityBasicContentView.swift */ = {isa = PBXFileReference; lastKnownFileType = sourcecode.swift; path = HYIrregularityBasicContentView.swift; sourceTree = "<group>"; };
		7FD92595CFED52ECDC28293F /* Pods_Himalayan_HimalayanUITests.framework */ = {isa = PBXFileReference; explicitFileType = wrapper.framework; includeInIndex = 0; path = Pods_Himalayan_HimalayanUITests.framework; sourceTree = BUILT_PRODUCTS_DIR; };
		94981179793B2F2EAC28C003 /* Pods-HimalayanTests.debug.xcconfig */ = {isa = PBXFileReference; includeInIndex = 1; lastKnownFileType = text.xcconfig; name = "Pods-HimalayanTests.debug.xcconfig"; path = "Target Support Files/Pods-HimalayanTests/Pods-HimalayanTests.debug.xcconfig"; sourceTree = "<group>"; };
		A7014F9344B03A0DEB20E943 /* Pods-Himalayan.release.xcconfig */ = {isa = PBXFileReference; includeInIndex = 1; lastKnownFileType = text.xcconfig; name = "Pods-Himalayan.release.xcconfig"; path = "Target Support Files/Pods-Himalayan/Pods-Himalayan.release.xcconfig"; sourceTree = "<group>"; };
		C848AA9784310F3D64CE0203 /* Pods-Himalayan-HimalayanUITests.debug.xcconfig */ = {isa = PBXFileReference; includeInIndex = 1; lastKnownFileType = text.xcconfig; name = "Pods-Himalayan-HimalayanUITests.debug.xcconfig"; path = "Target Support Files/Pods-Himalayan-HimalayanUITests/Pods-Himalayan-HimalayanUITests.debug.xcconfig"; sourceTree = "<group>"; };
		DAE48CDD6135955596DE5110 /* Pods-Himalayan-HimalayanUITests.release.xcconfig */ = {isa = PBXFileReference; includeInIndex = 1; lastKnownFileType = text.xcconfig; name = "Pods-Himalayan-HimalayanUITests.release.xcconfig"; path = "Target Support Files/Pods-Himalayan-HimalayanUITests/Pods-Himalayan-HimalayanUITests.release.xcconfig"; sourceTree = "<group>"; };
		F7E82827DAA5774EABEBDCF3 /* Pods-HimalayanTests.release.xcconfig */ = {isa = PBXFileReference; includeInIndex = 1; lastKnownFileType = text.xcconfig; name = "Pods-HimalayanTests.release.xcconfig"; path = "Target Support Files/Pods-HimalayanTests/Pods-HimalayanTests.release.xcconfig"; sourceTree = "<group>"; };
/* End PBXFileReference section */

/* Begin PBXFrameworksBuildPhase section */
		7A70CB0C2415EF3E003488EA /* Frameworks */ = {
			isa = PBXFrameworksBuildPhase;
			buildActionMask = 2147483647;
			files = (
				B053E43BD46A8F6A040F4A65 /* Pods_Himalayan.framework in Frameworks */,
			);
			runOnlyForDeploymentPostprocessing = 0;
		};
		7A70CB252415EF44003488EA /* Frameworks */ = {
			isa = PBXFrameworksBuildPhase;
			buildActionMask = 2147483647;
			files = (
				C14FDF0084AE56CE355437FF /* Pods_HimalayanTests.framework in Frameworks */,
			);
			runOnlyForDeploymentPostprocessing = 0;
		};
		7A70CB302415EF44003488EA /* Frameworks */ = {
			isa = PBXFrameworksBuildPhase;
			buildActionMask = 2147483647;
			files = (
				50E93D43F203880C961C8065 /* Pods_Himalayan_HimalayanUITests.framework in Frameworks */,
			);
			runOnlyForDeploymentPostprocessing = 0;
		};
/* End PBXFrameworksBuildPhase section */

/* Begin PBXGroup section */
		44FD1E6DF51F07D14021B120 /* Pods */ = {
			isa = PBXGroup;
			children = (
				26F62995FD721231CD20BB65 /* Pods-Himalayan.debug.xcconfig */,
				A7014F9344B03A0DEB20E943 /* Pods-Himalayan.release.xcconfig */,
				C848AA9784310F3D64CE0203 /* Pods-Himalayan-HimalayanUITests.debug.xcconfig */,
				DAE48CDD6135955596DE5110 /* Pods-Himalayan-HimalayanUITests.release.xcconfig */,
				94981179793B2F2EAC28C003 /* Pods-HimalayanTests.debug.xcconfig */,
				F7E82827DAA5774EABEBDCF3 /* Pods-HimalayanTests.release.xcconfig */,
			);
			path = Pods;
			sourceTree = "<group>";
		};
		7A70CB062415EF3E003488EA = {
			isa = PBXGroup;
			children = (
				7A70CB112415EF3E003488EA /* Himalayan */,
				7A70CB2B2415EF44003488EA /* HimalayanTests */,
				7A70CB362415EF44003488EA /* HimalayanUITests */,
				7A70CB102415EF3E003488EA /* Products */,
				44FD1E6DF51F07D14021B120 /* Pods */,
				9F09E5CD85FE46D7F5265DD5 /* Frameworks */,
			);
			sourceTree = "<group>";
		};
		7A70CB102415EF3E003488EA /* Products */ = {
			isa = PBXGroup;
			children = (
				7A70CB0F2415EF3E003488EA /* Himalayan.app */,
				7A70CB282415EF44003488EA /* HimalayanTests.xctest */,
				7A70CB332415EF44003488EA /* HimalayanUITests.xctest */,
			);
			name = Products;
			sourceTree = "<group>";
		};
		7A70CB112415EF3E003488EA /* Himalayan */ = {
			isa = PBXGroup;
			children = (
				7A70CB4924160EEE003488EA /* Sources */,
				7A70CB4824160C66003488EA /* Himalayan */,
				7A70CB4724160BD0003488EA /* CommonUI */,
				7A70CB4624160BBD003488EA /* Librarys */,
				7A70CB4524160BAF003488EA /* Main */,
			);
			path = Himalayan;
			sourceTree = "<group>";
		};
		7A70CB2B2415EF44003488EA /* HimalayanTests */ = {
			isa = PBXGroup;
			children = (
				7A70CB2C2415EF44003488EA /* HimalayanTests.swift */,
				7A70CB2E2415EF44003488EA /* Info.plist */,
			);
			path = HimalayanTests;
			sourceTree = "<group>";
		};
		7A70CB362415EF44003488EA /* HimalayanUITests */ = {
			isa = PBXGroup;
			children = (
				7A70CB372415EF44003488EA /* HimalayanUITests.swift */,
				7A70CB392415EF44003488EA /* Info.plist */,
			);
			path = HimalayanUITests;
			sourceTree = "<group>";
		};
		7A70CB4524160BAF003488EA /* Main */ = {
			isa = PBXGroup;
			children = (
				7A83DC40241F875E00084637 /* TabBarView */,
				7A83DC3E241F875500084637 /* HYNavigationController.swift */,
			);
			path = Main;
			sourceTree = "<group>";
		};
		7A70CB4624160BBD003488EA /* Librarys */ = {
			isa = PBXGroup;
			children = (
				7A73F72F2417952000D7A1CD /* CustomLabel */,
				7A73F7282417952000D7A1CD /* HHGuidePageHUD */,
				7A73F7312417952000D7A1CD /* JCyclePictureView */,
				7A73F7332417952000D7A1CD /* WRNavigationBar */,
				7A73F7232417951F00D7A1CD /* yh_navgation */,
			);
			path = Librarys;
			sourceTree = "<group>";
		};
		7A70CB4724160BD0003488EA /* CommonUI */ = {
			isa = PBXGroup;
			children = (
			);
			path = CommonUI;
			sourceTree = "<group>";
		};
		7A70CB4824160C66003488EA /* Himalayan */ = {
			isa = PBXGroup;
			children = (
				7A83DC30241F858A00084637 /* Mine */,
				7A83DC2F241F858000084637 /* Find */,
				7A83DC2E241F857800084637 /* Play */,
				7A83DC2D241F856E00084637 /* Listen */,
				7A83DC24241F847F00084637 /* Home */,
			);
			path = Himalayan;
			sourceTree = "<group>";
		};
		7A70CB4924160EEE003488EA /* Sources */ = {
			isa = PBXGroup;
			children = (
				7A70CB122415EF3E003488EA /* AppDelegate.swift */,
				7A70CB142415EF3E003488EA /* SceneDelegate.swift */,
				7A70CB162415EF3E003488EA /* ViewController.swift */,
				7A70CB182415EF3E003488EA /* Main.storyboard */,
				7A70CB1E2415EF44003488EA /* Assets.xcassets */,
				7A70CB202415EF44003488EA /* LaunchScreen.storyboard */,
				7A70CB232415EF44003488EA /* Info.plist */,
				7A70CB1B2415EF3E003488EA /* Himalayan.xcdatamodeld */,
			);
			path = Sources;
			sourceTree = "<group>";
		};
		7A73F7232417951F00D7A1CD /* yh_navgation */ = {
			isa = PBXGroup;
			children = (
				7A73F7242417951F00D7A1CD /* UINavigationBar+YHIndicatorImage.m */,
				7A73F7252417951F00D7A1CD /* UINavigationController+YHBackTitle.h */,
				7A73F7262417951F00D7A1CD /* UINavigationBar+YHIndicatorImage.h */,
				7A73F7272417951F00D7A1CD /* UINavigationController+YHBackTitle.m */,
			);
			path = yh_navgation;
			sourceTree = "<group>";
		};
		7A73F7282417952000D7A1CD /* HHGuidePageHUD */ = {
			isa = PBXGroup;
			children = (
				7A73F7292417952000D7A1CD /* UIImage+GIF.swift */,
				7A73F72A2417952000D7A1CD /* lead01.png */,
				7A73F72B2417952000D7A1CD /* guide_btn_bg@2x.png */,
				7A73F72C2417952000D7A1CD /* lead02.png */,
				7A73F72D2417952000D7A1CD /* lead03.png */,
				7A73F72E2417952000D7A1CD /* HHGuidePageHUD.swift */,
			);
			path = HHGuidePageHUD;
			sourceTree = "<group>";
		};
		7A73F72F2417952000D7A1CD /* CustomLabel */ = {
			isa = PBXGroup;
			children = (
				7A73F7302417952000D7A1CD /* YYCustomLabel.swift */,
			);
			path = CustomLabel;
			sourceTree = "<group>";
		};
		7A73F7312417952000D7A1CD /* JCyclePictureView */ = {
			isa = PBXGroup;
			children = (
				7A73F7322417952000D7A1CD /* JCyclePictureView.swift */,
			);
			path = JCyclePictureView;
			sourceTree = "<group>";
		};
		7A73F7332417952000D7A1CD /* WRNavigationBar */ = {
			isa = PBXGroup;
			children = (
				7A73F7342417952000D7A1CD /* WRNavigationBar.swift */,
				7A73F7352417952000D7A1CD /* WRCustomNavigationBar.swift */,
				7A73F7362417952000D7A1CD /* WRCycleScrollView */,
			);
			path = WRNavigationBar;
			sourceTree = "<group>";
		};
		7A73F7362417952000D7A1CD /* WRCycleScrollView */ = {
			isa = PBXGroup;
			children = (
				7A73F7372417952000D7A1CD /* WRProxy.swift */,
				7A73F7382417952000D7A1CD /* WRCycleScrollView.swift */,
				7A73F7392417952000D7A1CD /* WRCycleCell.swift */,
			);
			path = WRCycleScrollView;
			sourceTree = "<group>";
		};
		7A83DC24241F847F00084637 /* Home */ = {
			isa = PBXGroup;
			children = (
				7A83DC3C241F85FE00084637 /* HYHomeViewController.swift */,
				7A83DC2C241F854800084637 /* Broadcast */,
				7A83DC2B241F854000084637 /* Live */,
				7A83DC2A241F852F00084637 /* VIP */,
				7A83DC29241F851F00084637 /* Classify */,
				7A83DC28241F851300084637 /* Recommend */,
			);
			path = Home;
			sourceTree = "<group>";
		};
		7A83DC28241F851300084637 /* Recommend */ = {
			isa = PBXGroup;
			children = (
			);
			path = Recommend;
			sourceTree = "<group>";
		};
		7A83DC29241F851F00084637 /* Classify */ = {
			isa = PBXGroup;
			children = (
			);
			path = Classify;
			sourceTree = "<group>";
		};
		7A83DC2A241F852F00084637 /* VIP */ = {
			isa = PBXGroup;
			children = (
			);
			path = VIP;
			sourceTree = "<group>";
		};
		7A83DC2B241F854000084637 /* Live */ = {
			isa = PBXGroup;
			children = (
			);
			path = Live;
			sourceTree = "<group>";
		};
		7A83DC2C241F854800084637 /* Broadcast */ = {
			isa = PBXGroup;
			children = (
			);
			path = Broadcast;
			sourceTree = "<group>";
		};
		7A83DC2D241F856E00084637 /* Listen */ = {
			isa = PBXGroup;
			children = (
				7A83DC3A241F85ED00084637 /* HYListenViewController.swift */,
			);
			path = Listen;
			sourceTree = "<group>";
		};
		7A83DC2E241F857800084637 /* Play */ = {
			isa = PBXGroup;
			children = (
				7A83DC34241F85BE00084637 /* HYPlayViewController.swift */,
			);
			path = Play;
			sourceTree = "<group>";
		};
		7A83DC2F241F858000084637 /* Find */ = {
			isa = PBXGroup;
			children = (
				7A83DC36241F85D300084637 /* HYFindViewController.swift */,
			);
			path = Find;
			sourceTree = "<group>";
		};
		7A83DC30241F858A00084637 /* Mine */ = {
			isa = PBXGroup;
			children = (
				7A83DC38241F85E200084637 /* HYMineViewController.swift */,
			);
			path = Mine;
			sourceTree = "<group>";
		};
		7A83DC40241F875E00084637 /* TabBarView */ = {
			isa = PBXGroup;
			children = (
				7A83DC41241F879300084637 /* HYBasicContentView.swift */,
				7A83DC43241F87C400084637 /* HYBouncesContentView.swift */,
				7A83DC45241F87E500084637 /* HYIrregularityBasicContentView.swift */,
			);
			path = TabBarView;
			sourceTree = "<group>";
		};
		9F09E5CD85FE46D7F5265DD5 /* Frameworks */ = {
			isa = PBXGroup;
			children = (
				53A43B207CC4805B244B613E /* Pods_Himalayan.framework */,
				7FD92595CFED52ECDC28293F /* Pods_Himalayan_HimalayanUITests.framework */,
				0412DA728122C505085AD21C /* Pods_HimalayanTests.framework */,
			);
			name = Frameworks;
			sourceTree = "<group>";
		};
/* End PBXGroup section */

/* Begin PBXNativeTarget section */
		7A70CB0E2415EF3E003488EA /* Himalayan */ = {
			isa = PBXNativeTarget;
			buildConfigurationList = 7A70CB3C2415EF44003488EA /* Build configuration list for PBXNativeTarget "Himalayan" */;
			buildPhases = (
				8E6C1ECDCC4D7024137C38E6 /* [CP] Check Pods Manifest.lock */,
				7A70CB0B2415EF3E003488EA /* Sources */,
				7A70CB0C2415EF3E003488EA /* Frameworks */,
				7A70CB0D2415EF3E003488EA /* Resources */,
				BD2DB2B0D1A26D5442A61782 /* [CP] Embed Pods Frameworks */,
			);
			buildRules = (
			);
			dependencies = (
			);
			name = Himalayan;
			productName = Himalayan;
			productReference = 7A70CB0F2415EF3E003488EA /* Himalayan.app */;
			productType = "com.apple.product-type.application";
		};
		7A70CB272415EF44003488EA /* HimalayanTests */ = {
			isa = PBXNativeTarget;
			buildConfigurationList = 7A70CB3F2415EF44003488EA /* Build configuration list for PBXNativeTarget "HimalayanTests" */;
			buildPhases = (
				ACADC64AF07F3927DDB3030A /* [CP] Check Pods Manifest.lock */,
				7A70CB242415EF44003488EA /* Sources */,
				7A70CB252415EF44003488EA /* Frameworks */,
				7A70CB262415EF44003488EA /* Resources */,
			);
			buildRules = (
			);
			dependencies = (
				7A70CB2A2415EF44003488EA /* PBXTargetDependency */,
			);
			name = HimalayanTests;
			productName = HimalayanTests;
			productReference = 7A70CB282415EF44003488EA /* HimalayanTests.xctest */;
			productType = "com.apple.product-type.bundle.unit-test";
		};
		7A70CB322415EF44003488EA /* HimalayanUITests */ = {
			isa = PBXNativeTarget;
			buildConfigurationList = 7A70CB422415EF44003488EA /* Build configuration list for PBXNativeTarget "HimalayanUITests" */;
			buildPhases = (
				002B0EC0D99DC706EE4CF7F4 /* [CP] Check Pods Manifest.lock */,
				7A70CB2F2415EF44003488EA /* Sources */,
				7A70CB302415EF44003488EA /* Frameworks */,
				7A70CB312415EF44003488EA /* Resources */,
				5DDCEC9878D19B610EFEAB20 /* [CP] Embed Pods Frameworks */,
			);
			buildRules = (
			);
			dependencies = (
				7A70CB352415EF44003488EA /* PBXTargetDependency */,
			);
			name = HimalayanUITests;
			productName = HimalayanUITests;
			productReference = 7A70CB332415EF44003488EA /* HimalayanUITests.xctest */;
			productType = "com.apple.product-type.bundle.ui-testing";
		};
/* End PBXNativeTarget section */

/* Begin PBXProject section */
		7A70CB072415EF3E003488EA /* Project object */ = {
			isa = PBXProject;
			attributes = {
				CLASSPREFIX = HY;
				LastSwiftUpdateCheck = 1130;
				LastUpgradeCheck = 1130;
				ORGANIZATIONNAME = Adonis_HongYang;
				TargetAttributes = {
					7A70CB0E2415EF3E003488EA = {
						CreatedOnToolsVersion = 11.3.1;
					};
					7A70CB272415EF44003488EA = {
						CreatedOnToolsVersion = 11.3.1;
						TestTargetID = 7A70CB0E2415EF3E003488EA;
					};
					7A70CB322415EF44003488EA = {
						CreatedOnToolsVersion = 11.3.1;
						TestTargetID = 7A70CB0E2415EF3E003488EA;
					};
				};
			};
			buildConfigurationList = 7A70CB0A2415EF3E003488EA /* Build configuration list for PBXProject "Himalayan" */;
			compatibilityVersion = "Xcode 9.3";
			developmentRegion = en;
			hasScannedForEncodings = 0;
			knownRegions = (
				en,
				Base,
			);
			mainGroup = 7A70CB062415EF3E003488EA;
			productRefGroup = 7A70CB102415EF3E003488EA /* Products */;
			projectDirPath = "";
			projectRoot = "";
			targets = (
				7A70CB0E2415EF3E003488EA /* Himalayan */,
				7A70CB272415EF44003488EA /* HimalayanTests */,
				7A70CB322415EF44003488EA /* HimalayanUITests */,
			);
		};
/* End PBXProject section */

/* Begin PBXResourcesBuildPhase section */
		7A70CB0D2415EF3E003488EA /* Resources */ = {
			isa = PBXResourcesBuildPhase;
			buildActionMask = 2147483647;
			files = (
				7A73F73D2417952000D7A1CD /* lead01.png in Resources */,
				7A73F73F2417952000D7A1CD /* lead02.png in Resources */,
				7A73F73E2417952000D7A1CD /* guide_btn_bg@2x.png in Resources */,
				7A70CB222415EF44003488EA /* LaunchScreen.storyboard in Resources */,
				7A70CB1F2415EF44003488EA /* Assets.xcassets in Resources */,
				7A73F7402417952000D7A1CD /* lead03.png in Resources */,
				7A70CB1A2415EF3E003488EA /* Main.storyboard in Resources */,
			);
			runOnlyForDeploymentPostprocessing = 0;
		};
		7A70CB262415EF44003488EA /* Resources */ = {
			isa = PBXResourcesBuildPhase;
			buildActionMask = 2147483647;
			files = (
			);
			runOnlyForDeploymentPostprocessing = 0;
		};
		7A70CB312415EF44003488EA /* Resources */ = {
			isa = PBXResourcesBuildPhase;
			buildActionMask = 2147483647;
			files = (
			);
			runOnlyForDeploymentPostprocessing = 0;
		};
/* End PBXResourcesBuildPhase section */

/* Begin PBXShellScriptBuildPhase section */
		002B0EC0D99DC706EE4CF7F4 /* [CP] Check Pods Manifest.lock */ = {
			isa = PBXShellScriptBuildPhase;
			buildActionMask = 2147483647;
			files = (
			);
			inputFileListPaths = (
			);
			inputPaths = (
				"${PODS_PODFILE_DIR_PATH}/Podfile.lock",
				"${PODS_ROOT}/Manifest.lock",
			);
			name = "[CP] Check Pods Manifest.lock";
			outputFileListPaths = (
			);
			outputPaths = (
				"$(DERIVED_FILE_DIR)/Pods-Himalayan-HimalayanUITests-checkManifestLockResult.txt",
			);
			runOnlyForDeploymentPostprocessing = 0;
			shellPath = /bin/sh;
			shellScript = "diff \"${PODS_PODFILE_DIR_PATH}/Podfile.lock\" \"${PODS_ROOT}/Manifest.lock\" > /dev/null\nif [ $? != 0 ] ; then\n    # print error to STDERR\n    echo \"error: The sandbox is not in sync with the Podfile.lock. Run 'pod install' or update your CocoaPods installation.\" >&2\n    exit 1\nfi\n# This output is used by Xcode 'outputs' to avoid re-running this script phase.\necho \"SUCCESS\" > \"${SCRIPT_OUTPUT_FILE_0}\"\n";
			showEnvVarsInLog = 0;
		};
		5DDCEC9878D19B610EFEAB20 /* [CP] Embed Pods Frameworks */ = {
			isa = PBXShellScriptBuildPhase;
			buildActionMask = 2147483647;
			files = (
			);
			inputFileListPaths = (
				"${PODS_ROOT}/Target Support Files/Pods-Himalayan-HimalayanUITests/Pods-Himalayan-HimalayanUITests-frameworks-${CONFIGURATION}-input-files.xcfilelist",
			);
			name = "[CP] Embed Pods Frameworks";
			outputFileListPaths = (
				"${PODS_ROOT}/Target Support Files/Pods-Himalayan-HimalayanUITests/Pods-Himalayan-HimalayanUITests-frameworks-${CONFIGURATION}-output-files.xcfilelist",
			);
			runOnlyForDeploymentPostprocessing = 0;
			shellPath = /bin/sh;
			shellScript = "\"${PODS_ROOT}/Target Support Files/Pods-Himalayan-HimalayanUITests/Pods-Himalayan-HimalayanUITests-frameworks.sh\"\n";
			showEnvVarsInLog = 0;
		};
		8E6C1ECDCC4D7024137C38E6 /* [CP] Check Pods Manifest.lock */ = {
			isa = PBXShellScriptBuildPhase;
			buildActionMask = 2147483647;
			files = (
			);
			inputFileListPaths = (
			);
			inputPaths = (
				"${PODS_PODFILE_DIR_PATH}/Podfile.lock",
				"${PODS_ROOT}/Manifest.lock",
			);
			name = "[CP] Check Pods Manifest.lock";
			outputFileListPaths = (
			);
			outputPaths = (
				"$(DERIVED_FILE_DIR)/Pods-Himalayan-checkManifestLockResult.txt",
			);
			runOnlyForDeploymentPostprocessing = 0;
			shellPath = /bin/sh;
			shellScript = "diff \"${PODS_PODFILE_DIR_PATH}/Podfile.lock\" \"${PODS_ROOT}/Manifest.lock\" > /dev/null\nif [ $? != 0 ] ; then\n    # print error to STDERR\n    echo \"error: The sandbox is not in sync with the Podfile.lock. Run 'pod install' or update your CocoaPods installation.\" >&2\n    exit 1\nfi\n# This output is used by Xcode 'outputs' to avoid re-running this script phase.\necho \"SUCCESS\" > \"${SCRIPT_OUTPUT_FILE_0}\"\n";
			showEnvVarsInLog = 0;
		};
		ACADC64AF07F3927DDB3030A /* [CP] Check Pods Manifest.lock */ = {
			isa = PBXShellScriptBuildPhase;
			buildActionMask = 2147483647;
			files = (
			);
			inputFileListPaths = (
			);
			inputPaths = (
				"${PODS_PODFILE_DIR_PATH}/Podfile.lock",
				"${PODS_ROOT}/Manifest.lock",
			);
			name = "[CP] Check Pods Manifest.lock";
			outputFileListPaths = (
			);
			outputPaths = (
				"$(DERIVED_FILE_DIR)/Pods-HimalayanTests-checkManifestLockResult.txt",
			);
			runOnlyForDeploymentPostprocessing = 0;
			shellPath = /bin/sh;
			shellScript = "diff \"${PODS_PODFILE_DIR_PATH}/Podfile.lock\" \"${PODS_ROOT}/Manifest.lock\" > /dev/null\nif [ $? != 0 ] ; then\n    # print error to STDERR\n    echo \"error: The sandbox is not in sync with the Podfile.lock. Run 'pod install' or update your CocoaPods installation.\" >&2\n    exit 1\nfi\n# This output is used by Xcode 'outputs' to avoid re-running this script phase.\necho \"SUCCESS\" > \"${SCRIPT_OUTPUT_FILE_0}\"\n";
			showEnvVarsInLog = 0;
		};
		BD2DB2B0D1A26D5442A61782 /* [CP] Embed Pods Frameworks */ = {
			isa = PBXShellScriptBuildPhase;
			buildActionMask = 2147483647;
			files = (
			);
			inputFileListPaths = (
				"${PODS_ROOT}/Target Support Files/Pods-Himalayan/Pods-Himalayan-frameworks-${CONFIGURATION}-input-files.xcfilelist",
			);
			name = "[CP] Embed Pods Frameworks";
			outputFileListPaths = (
				"${PODS_ROOT}/Target Support Files/Pods-Himalayan/Pods-Himalayan-frameworks-${CONFIGURATION}-output-files.xcfilelist",
			);
			runOnlyForDeploymentPostprocessing = 0;
			shellPath = /bin/sh;
			shellScript = "\"${PODS_ROOT}/Target Support Files/Pods-Himalayan/Pods-Himalayan-frameworks.sh\"\n";
			showEnvVarsInLog = 0;
		};
/* End PBXShellScriptBuildPhase section */

/* Begin PBXSourcesBuildPhase section */
		7A70CB0B2415EF3E003488EA /* Sources */ = {
			isa = PBXSourcesBuildPhase;
			buildActionMask = 2147483647;
			files = (
				7A73F73B2417952000D7A1CD /* UINavigationController+YHBackTitle.m in Sources */,
				7A83DC3B241F85ED00084637 /* HYListenViewController.swift in Sources */,
				7A83DC44241F87C400084637 /* HYBouncesContentView.swift in Sources */,
				7A73F7432417952000D7A1CD /* JCyclePictureView.swift in Sources */,
				7A83DC3D241F85FE00084637 /* HYHomeViewController.swift in Sources */,
				7A83DC3F241F875500084637 /* HYNavigationController.swift in Sources */,
				7A73F7442417952000D7A1CD /* WRNavigationBar.swift in Sources */,
				7A83DC42241F879300084637 /* HYBasicContentView.swift in Sources */,
				7A83DC35241F85BE00084637 /* HYPlayViewController.swift in Sources */,
				7A70CB172415EF3E003488EA /* ViewController.swift in Sources */,
				7A73F7482417952000D7A1CD /* WRCycleCell.swift in Sources */,
				7A83DC46241F87E500084637 /* HYIrregularityBasicContentView.swift in Sources */,
				7A73F73C2417952000D7A1CD /* UIImage+GIF.swift in Sources */,
				7A73F7422417952000D7A1CD /* YYCustomLabel.swift in Sources */,
				7A73F7412417952000D7A1CD /* HHGuidePageHUD.swift in Sources */,
				7A73F7472417952000D7A1CD /* WRCycleScrollView.swift in Sources */,
				7A73F7452417952000D7A1CD /* WRCustomNavigationBar.swift in Sources */,
				7A83DC37241F85D300084637 /* HYFindViewController.swift in Sources */,
				7A83DC39241F85E200084637 /* HYMineViewController.swift in Sources */,
				7A70CB132415EF3E003488EA /* AppDelegate.swift in Sources */,
				7A73F7462417952000D7A1CD /* WRProxy.swift in Sources */,
				7A70CB1D2415EF3E003488EA /* Himalayan.xcdatamodeld in Sources */,
				7A70CB152415EF3E003488EA /* SceneDelegate.swift in Sources */,
				7A73F73A2417952000D7A1CD /* UINavigationBar+YHIndicatorImage.m in Sources */,
			);
			runOnlyForDeploymentPostprocessing = 0;
		};
		7A70CB242415EF44003488EA /* Sources */ = {
			isa = PBXSourcesBuildPhase;
			buildActionMask = 2147483647;
			files = (
				7A70CB2D2415EF44003488EA /* HimalayanTests.swift in Sources */,
			);
			runOnlyForDeploymentPostprocessing = 0;
		};
		7A70CB2F2415EF44003488EA /* Sources */ = {
			isa = PBXSourcesBuildPhase;
			buildActionMask = 2147483647;
			files = (
				7A70CB382415EF44003488EA /* HimalayanUITests.swift in Sources */,
			);
			runOnlyForDeploymentPostprocessing = 0;
		};
/* End PBXSourcesBuildPhase section */

/* Begin PBXTargetDependency section */
		7A70CB2A2415EF44003488EA /* PBXTargetDependency */ = {
			isa = PBXTargetDependency;
			target = 7A70CB0E2415EF3E003488EA /* Himalayan */;
			targetProxy = 7A70CB292415EF44003488EA /* PBXContainerItemProxy */;
		};
		7A70CB352415EF44003488EA /* PBXTargetDependency */ = {
			isa = PBXTargetDependency;
			target = 7A70CB0E2415EF3E003488EA /* Himalayan */;
			targetProxy = 7A70CB342415EF44003488EA /* PBXContainerItemProxy */;
		};
/* End PBXTargetDependency section */

/* Begin PBXVariantGroup section */
		7A70CB182415EF3E003488EA /* Main.storyboard */ = {
			isa = PBXVariantGroup;
			children = (
				7A70CB192415EF3E003488EA /* Base */,
			);
			name = Main.storyboard;
			sourceTree = "<group>";
		};
		7A70CB202415EF44003488EA /* LaunchScreen.storyboard */ = {
			isa = PBXVariantGroup;
			children = (
				7A70CB212415EF44003488EA /* Base */,
			);
			name = LaunchScreen.storyboard;
			sourceTree = "<group>";
		};
/* End PBXVariantGroup section */

/* Begin XCBuildConfiguration section */
		7A70CB3A2415EF44003488EA /* Debug */ = {
			isa = XCBuildConfiguration;
			buildSettings = {
				ALWAYS_SEARCH_USER_PATHS = NO;
				CLANG_ANALYZER_NONNULL = YES;
				CLANG_ANALYZER_NUMBER_OBJECT_CONVERSION = YES_AGGRESSIVE;
				CLANG_CXX_LANGUAGE_STANDARD = "gnu++14";
				CLANG_CXX_LIBRARY = "libc++";
				CLANG_ENABLE_MODULES = YES;
				CLANG_ENABLE_OBJC_ARC = YES;
				CLANG_ENABLE_OBJC_WEAK = YES;
				CLANG_WARN_BLOCK_CAPTURE_AUTORELEASING = YES;
				CLANG_WARN_BOOL_CONVERSION = YES;
				CLANG_WARN_COMMA = YES;
				CLANG_WARN_CONSTANT_CONVERSION = YES;
				CLANG_WARN_DEPRECATED_OBJC_IMPLEMENTATIONS = YES;
				CLANG_WARN_DIRECT_OBJC_ISA_USAGE = YES_ERROR;
				CLANG_WARN_DOCUMENTATION_COMMENTS = YES;
				CLANG_WARN_EMPTY_BODY = YES;
				CLANG_WARN_ENUM_CONVERSION = YES;
				CLANG_WARN_INFINITE_RECURSION = YES;
				CLANG_WARN_INT_CONVERSION = YES;
				CLANG_WARN_NON_LITERAL_NULL_CONVERSION = YES;
				CLANG_WARN_OBJC_IMPLICIT_RETAIN_SELF = YES;
				CLANG_WARN_OBJC_LITERAL_CONVERSION = YES;
				CLANG_WARN_OBJC_ROOT_CLASS = YES_ERROR;
				CLANG_WARN_RANGE_LOOP_ANALYSIS = YES;
				CLANG_WARN_STRICT_PROTOTYPES = YES;
				CLANG_WARN_SUSPICIOUS_MOVE = YES;
				CLANG_WARN_UNGUARDED_AVAILABILITY = YES_AGGRESSIVE;
				CLANG_WARN_UNREACHABLE_CODE = YES;
				CLANG_WARN__DUPLICATE_METHOD_MATCH = YES;
				COPY_PHASE_STRIP = NO;
				DEBUG_INFORMATION_FORMAT = dwarf;
				ENABLE_STRICT_OBJC_MSGSEND = YES;
				ENABLE_TESTABILITY = YES;
				GCC_C_LANGUAGE_STANDARD = gnu11;
				GCC_DYNAMIC_NO_PIC = NO;
				GCC_NO_COMMON_BLOCKS = YES;
				GCC_OPTIMIZATION_LEVEL = 0;
				GCC_PREPROCESSOR_DEFINITIONS = (
					"DEBUG=1",
					"$(inherited)",
				);
				GCC_WARN_64_TO_32_BIT_CONVERSION = YES;
				GCC_WARN_ABOUT_RETURN_TYPE = YES_ERROR;
				GCC_WARN_UNDECLARED_SELECTOR = YES;
				GCC_WARN_UNINITIALIZED_AUTOS = YES_AGGRESSIVE;
				GCC_WARN_UNUSED_FUNCTION = YES;
				GCC_WARN_UNUSED_VARIABLE = YES;
				IPHONEOS_DEPLOYMENT_TARGET = 13.2;
				MTL_ENABLE_DEBUG_INFO = INCLUDE_SOURCE;
				MTL_FAST_MATH = YES;
				ONLY_ACTIVE_ARCH = YES;
				SDKROOT = iphoneos;
				SWIFT_ACTIVE_COMPILATION_CONDITIONS = DEBUG;
				SWIFT_OPTIMIZATION_LEVEL = "-Onone";
			};
			name = Debug;
		};
		7A70CB3B2415EF44003488EA /* Release */ = {
			isa = XCBuildConfiguration;
			buildSettings = {
				ALWAYS_SEARCH_USER_PATHS = NO;
				CLANG_ANALYZER_NONNULL = YES;
				CLANG_ANALYZER_NUMBER_OBJECT_CONVERSION = YES_AGGRESSIVE;
				CLANG_CXX_LANGUAGE_STANDARD = "gnu++14";
				CLANG_CXX_LIBRARY = "libc++";
				CLANG_ENABLE_MODULES = YES;
				CLANG_ENABLE_OBJC_ARC = YES;
				CLANG_ENABLE_OBJC_WEAK = YES;
				CLANG_WARN_BLOCK_CAPTURE_AUTORELEASING = YES;
				CLANG_WARN_BOOL_CONVERSION = YES;
				CLANG_WARN_COMMA = YES;
				CLANG_WARN_CONSTANT_CONVERSION = YES;
				CLANG_WARN_DEPRECATED_OBJC_IMPLEMENTATIONS = YES;
				CLANG_WARN_DIRECT_OBJC_ISA_USAGE = YES_ERROR;
				CLANG_WARN_DOCUMENTATION_COMMENTS = YES;
				CLANG_WARN_EMPTY_BODY = YES;
				CLANG_WARN_ENUM_CONVERSION = YES;
				CLANG_WARN_INFINITE_RECURSION = YES;
				CLANG_WARN_INT_CONVERSION = YES;
				CLANG_WARN_NON_LITERAL_NULL_CONVERSION = YES;
				CLANG_WARN_OBJC_IMPLICIT_RETAIN_SELF = YES;
				CLANG_WARN_OBJC_LITERAL_CONVERSION = YES;
				CLANG_WARN_OBJC_ROOT_CLASS = YES_ERROR;
				CLANG_WARN_RANGE_LOOP_ANALYSIS = YES;
				CLANG_WARN_STRICT_PROTOTYPES = YES;
				CLANG_WARN_SUSPICIOUS_MOVE = YES;
				CLANG_WARN_UNGUARDED_AVAILABILITY = YES_AGGRESSIVE;
				CLANG_WARN_UNREACHABLE_CODE = YES;
				CLANG_WARN__DUPLICATE_METHOD_MATCH = YES;
				COPY_PHASE_STRIP = NO;
				DEBUG_INFORMATION_FORMAT = "dwarf-with-dsym";
				ENABLE_NS_ASSERTIONS = NO;
				ENABLE_STRICT_OBJC_MSGSEND = YES;
				GCC_C_LANGUAGE_STANDARD = gnu11;
				GCC_NO_COMMON_BLOCKS = YES;
				GCC_WARN_64_TO_32_BIT_CONVERSION = YES;
				GCC_WARN_ABOUT_RETURN_TYPE = YES_ERROR;
				GCC_WARN_UNDECLARED_SELECTOR = YES;
				GCC_WARN_UNINITIALIZED_AUTOS = YES_AGGRESSIVE;
				GCC_WARN_UNUSED_FUNCTION = YES;
				GCC_WARN_UNUSED_VARIABLE = YES;
				IPHONEOS_DEPLOYMENT_TARGET = 13.2;
				MTL_ENABLE_DEBUG_INFO = NO;
				MTL_FAST_MATH = YES;
				SDKROOT = iphoneos;
				SWIFT_COMPILATION_MODE = wholemodule;
				SWIFT_OPTIMIZATION_LEVEL = "-O";
				VALIDATE_PRODUCT = YES;
			};
			name = Release;
		};
		7A70CB3D2415EF44003488EA /* Debug */ = {
			isa = XCBuildConfiguration;
			baseConfigurationReference = 26F62995FD721231CD20BB65 /* Pods-Himalayan.debug.xcconfig */;
			buildSettings = {
				ASSETCATALOG_COMPILER_APPICON_NAME = AppIcon;
				CODE_SIGN_STYLE = Automatic;
				DEVELOPMENT_TEAM = N2KQ965WEJ;
				INFOPLIST_FILE = Himalayan/Sources/Info.plist;
				IPHONEOS_DEPLOYMENT_TARGET = 10.0;
				LD_RUNPATH_SEARCH_PATHS = (
					"$(inherited)",
					"@executable_path/Frameworks",
				);
				PRODUCT_BUNDLE_IDENTIFIER = Nikoyo.Himalayan;
				PRODUCT_NAME = "$(TARGET_NAME)";
				SWIFT_VERSION = 5.0;
				TARGETED_DEVICE_FAMILY = "1,2";
			};
			name = Debug;
		};
		7A70CB3E2415EF44003488EA /* Release */ = {
			isa = XCBuildConfiguration;
			baseConfigurationReference = A7014F9344B03A0DEB20E943 /* Pods-Himalayan.release.xcconfig */;
			buildSettings = {
				ASSETCATALOG_COMPILER_APPICON_NAME = AppIcon;
				CODE_SIGN_STYLE = Automatic;
				DEVELOPMENT_TEAM = N2KQ965WEJ;
				INFOPLIST_FILE = Himalayan/Sources/Info.plist;
				IPHONEOS_DEPLOYMENT_TARGET = 10.0;
				LD_RUNPATH_SEARCH_PATHS = (
					"$(inherited)",
					"@executable_path/Frameworks",
				);
				PRODUCT_BUNDLE_IDENTIFIER = Nikoyo.Himalayan;
				PRODUCT_NAME = "$(TARGET_NAME)";
				SWIFT_VERSION = 5.0;
				TARGETED_DEVICE_FAMILY = "1,2";
			};
			name = Release;
		};
		7A70CB402415EF44003488EA /* Debug */ = {
			isa = XCBuildConfiguration;
			baseConfigurationReference = 94981179793B2F2EAC28C003 /* Pods-HimalayanTests.debug.xcconfig */;
			buildSettings = {
				ALWAYS_EMBED_SWIFT_STANDARD_LIBRARIES = YES;
				BUNDLE_LOADER = "$(TEST_HOST)";
				CODE_SIGN_STYLE = Automatic;
				DEVELOPMENT_TEAM = N2KQ965WEJ;
				INFOPLIST_FILE = HimalayanTests/Info.plist;
				IPHONEOS_DEPLOYMENT_TARGET = 13.2;
				LD_RUNPATH_SEARCH_PATHS = (
					"$(inherited)",
					"@executable_path/Frameworks",
					"@loader_path/Frameworks",
				);
				PRODUCT_BUNDLE_IDENTIFIER = Nikoyo.HimalayanTests;
				PRODUCT_NAME = "$(TARGET_NAME)";
				SWIFT_VERSION = 5.0;
				TARGETED_DEVICE_FAMILY = "1,2";
				TEST_HOST = "$(BUILT_PRODUCTS_DIR)/Himalayan.app/Himalayan";
			};
			name = Debug;
		};
		7A70CB412415EF44003488EA /* Release */ = {
			isa = XCBuildConfiguration;
			baseConfigurationReference = F7E82827DAA5774EABEBDCF3 /* Pods-HimalayanTests.release.xcconfig */;
			buildSettings = {
				ALWAYS_EMBED_SWIFT_STANDARD_LIBRARIES = YES;
				BUNDLE_LOADER = "$(TEST_HOST)";
				CODE_SIGN_STYLE = Automatic;
				DEVELOPMENT_TEAM = N2KQ965WEJ;
				INFOPLIST_FILE = HimalayanTests/Info.plist;
				IPHONEOS_DEPLOYMENT_TARGET = 13.2;
				LD_RUNPATH_SEARCH_PATHS = (
					"$(inherited)",
					"@executable_path/Frameworks",
					"@loader_path/Frameworks",
				);
				PRODUCT_BUNDLE_IDENTIFIER = Nikoyo.HimalayanTests;
				PRODUCT_NAME = "$(TARGET_NAME)";
				SWIFT_VERSION = 5.0;
				TARGETED_DEVICE_FAMILY = "1,2";
				TEST_HOST = "$(BUILT_PRODUCTS_DIR)/Himalayan.app/Himalayan";
			};
			name = Release;
		};
		7A70CB432415EF44003488EA /* Debug */ = {
			isa = XCBuildConfiguration;
			baseConfigurationReference = C848AA9784310F3D64CE0203 /* Pods-Himalayan-HimalayanUITests.debug.xcconfig */;
			buildSettings = {
				ALWAYS_EMBED_SWIFT_STANDARD_LIBRARIES = YES;
				CODE_SIGN_STYLE = Automatic;
				DEVELOPMENT_TEAM = N2KQ965WEJ;
				INFOPLIST_FILE = HimalayanUITests/Info.plist;
				LD_RUNPATH_SEARCH_PATHS = (
					"$(inherited)",
					"@executable_path/Frameworks",
					"@loader_path/Frameworks",
				);
				PRODUCT_BUNDLE_IDENTIFIER = Nikoyo.HimalayanUITests;
				PRODUCT_NAME = "$(TARGET_NAME)";
				SWIFT_VERSION = 5.0;
				TARGETED_DEVICE_FAMILY = "1,2";
				TEST_TARGET_NAME = Himalayan;
			};
			name = Debug;
		};
		7A70CB442415EF44003488EA /* Release */ = {
			isa = XCBuildConfiguration;
			baseConfigurationReference = DAE48CDD6135955596DE5110 /* Pods-Himalayan-HimalayanUITests.release.xcconfig */;
			buildSettings = {
				ALWAYS_EMBED_SWIFT_STANDARD_LIBRARIES = YES;
				CODE_SIGN_STYLE = Automatic;
				DEVELOPMENT_TEAM = N2KQ965WEJ;
				INFOPLIST_FILE = HimalayanUITests/Info.plist;
				LD_RUNPATH_SEARCH_PATHS = (
					"$(inherited)",
					"@executable_path/Frameworks",
					"@loader_path/Frameworks",
				);
				PRODUCT_BUNDLE_IDENTIFIER = Nikoyo.HimalayanUITests;
				PRODUCT_NAME = "$(TARGET_NAME)";
				SWIFT_VERSION = 5.0;
				TARGETED_DEVICE_FAMILY = "1,2";
				TEST_TARGET_NAME = Himalayan;
			};
			name = Release;
		};
/* End XCBuildConfiguration section */

/* Begin XCConfigurationList section */
		7A70CB0A2415EF3E003488EA /* Build configuration list for PBXProject "Himalayan" */ = {
			isa = XCConfigurationList;
			buildConfigurations = (
				7A70CB3A2415EF44003488EA /* Debug */,
				7A70CB3B2415EF44003488EA /* Release */,
			);
			defaultConfigurationIsVisible = 0;
			defaultConfigurationName = Release;
		};
		7A70CB3C2415EF44003488EA /* Build configuration list for PBXNativeTarget "Himalayan" */ = {
			isa = XCConfigurationList;
			buildConfigurations = (
				7A70CB3D2415EF44003488EA /* Debug */,
				7A70CB3E2415EF44003488EA /* Release */,
			);
			defaultConfigurationIsVisible = 0;
			defaultConfigurationName = Release;
		};
		7A70CB3F2415EF44003488EA /* Build configuration list for PBXNativeTarget "HimalayanTests" */ = {
			isa = XCConfigurationList;
			buildConfigurations = (
				7A70CB402415EF44003488EA /* Debug */,
				7A70CB412415EF44003488EA /* Release */,
			);
			defaultConfigurationIsVisible = 0;
			defaultConfigurationName = Release;
		};
		7A70CB422415EF44003488EA /* Build configuration list for PBXNativeTarget "HimalayanUITests" */ = {
			isa = XCConfigurationList;
			buildConfigurations = (
				7A70CB432415EF44003488EA /* Debug */,
				7A70CB442415EF44003488EA /* Release */,
			);
			defaultConfigurationIsVisible = 0;
			defaultConfigurationName = Release;
		};
/* End XCConfigurationList section */

/* Begin XCVersionGroup section */
		7A70CB1B2415EF3E003488EA /* Himalayan.xcdatamodeld */ = {
			isa = XCVersionGroup;
			children = (
				7A70CB1C2415EF3E003488EA /* Himalayan.xcdatamodel */,
			);
			currentVersion = 7A70CB1C2415EF3E003488EA /* Himalayan.xcdatamodel */;
			path = Himalayan.xcdatamodeld;
			sourceTree = "<group>";
			versionGroupType = wrapper.xcdatamodel;
		};
/* End XCVersionGroup section */
	};
	rootObject = 7A70CB072415EF3E003488EA /* Project object */;
}
